
Microsoft Visual Studio Solution File, Format Version 12.00
# Visual Studio Version 17
VisualStudioVersion = 17.3.32811.315
MinimumVisualStudioVersion = 10.0.40219.1
Project("{FAE04EC0-301F-11D3-BF4B-00C04F79EFBC}") = "MVC", "MVC\MVC.csproj", "{A1CBC7BD-3DB0-4AD1-8312-DC3BA9CE5DF8}"
EndProject
Global
	GlobalSection(SolutionConfigurationPlatforms) = preSolution
		Debug|Any CPU = Debug|Any CPU
		Release|Any CPU = Release|Any CPU
	EndGlobalSection
	GlobalSection(ProjectConfigurationPlatforms) = postSolution
		{A1CBC7BD-3DB0-4AD1-8312-DC3BA9CE5DF8}.Debug|Any CPU.ActiveCfg = Debug|Any CPU
		{A1CBC7BD-3DB0-4AD1-8312-DC3BA9CE5DF8}.Debug|Any CPU.Build.0 = Debug|Any CPU
		{A1CBC7BD-3DB0-4AD1-8312-DC3BA9CE5DF8}.Release|Any CPU.ActiveCfg = Release|Any CPU
		{A1CBC7BD-3DB0-4AD1-8312-DC3BA9CE5DF8}.Release|Any CPU.Build.0 = Release|Any CPU
	EndGlobalSection
	GlobalSection(SolutionProperties) = preSolution
		HideSolutionNode = FALSE
	EndGlobalSection
	GlobalSection(ExtensibilityGlobals) = postSolution
		SolutionGuid = {46FAECB0-034B-441C-A5D7-249273D14CEE}
	EndGlobalSection
EndGlobal
